
Microsoft Visual Studio Solution File, Format Version 12.00
# Visual Studio 15
Project("{FAE04EC0-301F-11D3-BF4B-00C04F79EFBC}") = "TaskAPI", "TaskAPI\TaskAPI.csproj", "{C06F2D8C-1EA5-4FF6-BC54-68CDCFE40700}"
EndProject
Global
	GlobalSection(SolutionConfigurationPlatforms) = preSolution
		Debug|Any CPU = Debug|Any CPU
		Release|Any CPU = Release|Any CPU
	EndGlobalSection
	GlobalSection(ProjectConfigurationPlatforms) = postSolution
		{C06F2D8C-1EA5-4FF6-BC54-68CDCFE40700}.Debug|Any CPU.ActiveCfg = Debug|Any CPU
		{C06F2D8C-1EA5-4FF6-BC54-68CDCFE40700}.Debug|Any CPU.Build.0 = Debug|Any CPU
		{C06F2D8C-1EA5-4FF6-BC54-68CDCFE40700}.Release|Any CPU.ActiveCfg = Release|Any CPU
		{C06F2D8C-1EA5-4FF6-BC54-68CDCFE40700}.Release|Any CPU.Build.0 = Release|Any CPU
	EndGlobalSection
EndGlobal
